
Microsoft Visual Studio Solution File, Format Version 12.00
# Visual Studio Version 17
VisualStudioVersion = 17.8.34511.84
MinimumVisualStudioVersion = 10.0.40219.1
Project("{FAE04EC0-301F-11D3-BF4B-00C04F79EFBC}") = "AspNetCoreInMemoryCaching", "AspNetCoreInMemoryCaching\AspNetCoreInMemoryCaching.csproj", "{CF4ED6CB-FEB0-4123-8CAC-ADC4E4A0987A}"
EndProject
Global
	GlobalSection(SolutionConfigurationPlatforms) = preSolution
		Debug|Any CPU = Debug|Any CPU
		Release|Any CPU = Release|Any CPU
	EndGlobalSection
	GlobalSection(ProjectConfigurationPlatforms) = postSolution
		{CF4ED6CB-FEB0-4123-8CAC-ADC4E4A0987A}.Debug|Any CPU.ActiveCfg = Debug|Any CPU
		{CF4ED6CB-FEB0-4123-8CAC-ADC4E4A0987A}.Debug|Any CPU.Build.0 = Debug|Any CPU
		{CF4ED6CB-FEB0-4123-8CAC-ADC4E4A0987A}.Release|Any CPU.ActiveCfg = Release|Any CPU
		{CF4ED6CB-FEB0-4123-8CAC-ADC4E4A0987A}.Release|Any CPU.Build.0 = Release|Any CPU
	EndGlobalSection
	GlobalSection(SolutionProperties) = preSolution
		HideSolutionNode = FALSE
	EndGlobalSection
	GlobalSection(ExtensibilityGlobals) = postSolution
		SolutionGuid = {9654E0BD-631F-4865-9C19-E37B48B88124}
	EndGlobalSection
EndGlobal
